// !$*UTF8*$!
{
	archiveVersion = 1;
	classes = {
	};
	objectVersion = 46;
	objects = {

/* Begin PBXFileReference section */
		1A09828C18F0B8E200C4652C /* libserval.a */ = {isa = PBXFileReference; lastKnownFileType = archive.ar; name = libserval.a; path = ../build/libserval.a; sourceTree = "<group>"; };
		1A13A3B118F0C05D00A6233B /* cli.h */ = {isa = PBXFileReference; lastKnownFileType = sourcecode.c.h; name = cli.h; path = ../cli.h; sourceTree = "<group>"; };
		1A13A3B218F0C05D00A6233B /* conf_schema.h */ = {isa = PBXFileReference; lastKnownFileType = sourcecode.c.h; name = conf_schema.h; path = ../conf_schema.h; sourceTree = "<group>"; };
		1A13A3B318F0C05D00A6233B /* conf.h */ = {isa = PBXFileReference; lastKnownFileType = sourcecode.c.h; name = conf.h; path = ../conf.h; sourceTree = "<group>"; };
		1A13A3B418F0C05D00A6233B /* constants.h */ = {isa = PBXFileReference; lastKnownFileType = sourcecode.c.h; name = constants.h; path = ../constants.h; sourceTree = "<group>"; };
		1A13A3B518F0C05D00A6233B /* crypto.h */ = {isa = PBXFileReference; lastKnownFileType = sourcecode.c.h; name = crypto.h; path = ../crypto.h; sourceTree = "<group>"; };
		1A13A3B618F0C05D00A6233B /* dataformats.h */ = {isa = PBXFileReference; lastKnownFileType = sourcecode.c.h; name = dataformats.h; path = ../dataformats.h; sourceTree = "<group>"; };
		1A13A3B718F0C05D00A6233B /* fdqueue.h */ = {isa = PBXFileReference; lastKnownFileType = sourcecode.c.h; name = fdqueue.h; path = ../fdqueue.h; sourceTree = "<group>"; };
		1A13A3B818F0C05D00A6233B /* fifo.h */ = {isa = PBXFileReference; lastKnownFileType = sourcecode.c.h; name = fifo.h; path = ../fifo.h; sourceTree = "<group>"; };
		1A13A3B918F0C05D00A6233B /* golay.h */ = {isa = PBXFileReference; lastKnownFileType = sourcecode.c.h; name = golay.h; path = ../golay.h; sourceTree = "<group>"; };
		1A13A3BA18F0C05D00A6233B /* http_server.h */ = {isa = PBXFileReference; lastKnownFileType = sourcecode.c.h; name = http_server.h; path = ../http_server.h; sourceTree = "<group>"; };
		1A13A3BB18F0C05D00A6233B /* httpd.h */ = {isa = PBXFileReference; lastKnownFileType = sourcecode.c.h; name = httpd.h; path = ../httpd.h; sourceTree = "<group>"; };
		1A13A3BC18F0C05D00A6233B /* instance.h */ = {isa = PBXFileReference; lastKnownFileType = sourcecode.c.h; name = instance.h; path = ../instance.h; sourceTree = "<group>"; };
		1A13A3BD18F0C05D00A6233B /* keyring.h */ = {isa = PBXFileReference; lastKnownFileType = sourcecode.c.h; name = keyring.h; path = ../keyring.h; sourceTree = "<group>"; };
		1A13A3BE18F0C05D00A6233B /* log.h */ = {isa = PBXFileReference; lastKnownFileType = sourcecode.c.h; name = log.h; path = ../log.h; sourceTree = "<group>"; };
		1A13A3BF18F0C05D00A6233B /* mdp_client.h */ = {isa = PBXFileReference; lastKnownFileType = sourcecode.c.h; name = mdp_client.h; path = ../mdp_client.h; sourceTree = "<group>"; };
		1A13A3C018F0C05D00A6233B /* mem.h */ = {isa = PBXFileReference; lastKnownFileType = sourcecode.c.h; name = mem.h; path = ../mem.h; sourceTree = "<group>"; };
		1A13A3C118F0C05D00A6233B /* meshms.h */ = {isa = PBXFileReference; lastKnownFileType = sourcecode.c.h; name = meshms.h; path = ../meshms.h; sourceTree = "<group>"; };
		1A13A3C218F0C05D00A6233B /* monitor-client.h */ = {isa = PBXFileReference; lastKnownFileType = sourcecode.c.h; name = "monitor-client.h"; path = "../monitor-client.h"; sourceTree = "<group>"; };
		1A13A3C318F0C05D00A6233B /* msp_client.h */ = {isa = PBXFileReference; lastKnownFileType = sourcecode.c.h; name = msp_client.h; path = ../msp_client.h; sourceTree = "<group>"; };
		1A13A3C418F0C05D00A6233B /* net.h */ = {isa = PBXFileReference; lastKnownFileType = sourcecode.c.h; name = net.h; path = ../net.h; sourceTree = "<group>"; };
		1A13A3C518F0C05D00A6233B /* os.h */ = {isa = PBXFileReference; lastKnownFileType = sourcecode.c.h; name = os.h; path = ../os.h; sourceTree = "<group>"; };
		1A13A3C618F0C05D00A6233B /* overlay_address.h */ = {isa = PBXFileReference; lastKnownFileType = sourcecode.c.h; name = overlay_address.h; path = ../overlay_address.h; sourceTree = "<group>"; };
		1A13A3C718F0C05D00A6233B /* overlay_buffer.h */ = {isa = PBXFileReference; lastKnownFileType = sourcecode.c.h; name = overlay_buffer.h; path = ../overlay_buffer.h; sourceTree = "<group>"; };
		1A13A3C818F0C05D00A6233B /* overlay_interface.h */ = {isa = PBXFileReference; lastKnownFileType = sourcecode.c.h; name = overlay_interface.h; path = ../overlay_interface.h; sourceTree = "<group>"; };
		1A13A3C918F0C05D00A6233B /* overlay_packet.h */ = {isa = PBXFileReference; lastKnownFileType = sourcecode.c.h; name = overlay_packet.h; path = ../overlay_packet.h; sourceTree = "<group>"; };
		1A13A3CA18F0C05D00A6233B /* radio_link.h */ = {isa = PBXFileReference; lastKnownFileType = sourcecode.c.h; name = radio_link.h; path = ../radio_link.h; sourceTree = "<group>"; };
		1A13A3CB18F0C05D00A6233B /* rhizome.h */ = {isa = PBXFileReference; lastKnownFileType = sourcecode.c.h; name = rhizome.h; path = ../rhizome.h; sourceTree = "<group>"; };
		1A13A3CC18F0C05D00A6233B /* rotbuf.h */ = {isa = PBXFileReference; lastKnownFileType = sourcecode.c.h; name = rotbuf.h; path = ../rotbuf.h; sourceTree = "<group>"; };
		1A13A3CD18F0C05D00A6233B /* serval.h */ = {isa = PBXFileReference; lastKnownFileType = sourcecode.c.h; name = serval.h; path = ../serval.h; sourceTree = "<group>"; };
		1A13A3CE18F0C05D00A6233B /* sha2.h */ = {isa = PBXFileReference; lastKnownFileType = sourcecode.c.h; name = sha2.h; path = ../sha2.h; sourceTree = "<group>"; };
		1A13A3CF18F0C05D00A6233B /* socket.h */ = {isa = PBXFileReference; lastKnownFileType = sourcecode.c.h; name = socket.h; path = ../socket.h; sourceTree = "<group>"; };
		1A13A3D018F0C05D00A6233B /* str.h */ = {isa = PBXFileReference; lastKnownFileType = sourcecode.c.h; name = str.h; path = ../str.h; sourceTree = "<group>"; };
		1A13A3D118F0C05D00A6233B /* strbuf_helpers.h */ = {isa = PBXFileReference; lastKnownFileType = sourcecode.c.h; name = strbuf_helpers.h; path = ../strbuf_helpers.h; sourceTree = "<group>"; };
		1A13A3D218F0C05D00A6233B /* strbuf.h */ = {isa = PBXFileReference; lastKnownFileType = sourcecode.c.h; name = strbuf.h; path = ../strbuf.h; sourceTree = "<group>"; };
		1A13A3D318F0C05D00A6233B /* strlcpy.h */ = {isa = PBXFileReference; lastKnownFileType = sourcecode.c.h; name = strlcpy.h; path = ../strlcpy.h; sourceTree = "<group>"; };
		1A13A3D418F0C05D00A6233B /* uuid.h */ = {isa = PBXFileReference; lastKnownFileType = sourcecode.c.h; name = uuid.h; path = ../uuid.h; sourceTree = "<group>"; };
		1A13A3D518F0C05D00A6233B /* xprintf.h */ = {isa = PBXFileReference; lastKnownFileType = sourcecode.c.h; name = xprintf.h; path = ../xprintf.h; sourceTree = "<group>"; };
		1A13A3D918F0CB4300A6233B /* confdefs.h */ = {isa = PBXFileReference; fileEncoding = 4; lastKnownFileType = sourcecode.c.h; path = confdefs.h; sourceTree = "<group>"; };
		1A5334BE18F087CF00C7BD93 /* build.sh */ = {isa = PBXFileReference; fileEncoding = 4; lastKnownFileType = text.script.sh; path = build.sh; sourceTree = "<group>"; };
/* End PBXFileReference section */

/* Begin PBXGroup section */
		1A09828A18F0B81E00C4652C /* libserval */ = {
			isa = PBXGroup;
			children = (
				1A5334BE18F087CF00C7BD93 /* build.sh */,
				1A13A3B018F0C01500A6233B /* headers */,
				1A09828B18F0B82500C4652C /* Products */,
			);
			name = libserval;
			sourceTree = "<group>";
		};
		1A09828B18F0B82500C4652C /* Products */ = {
			isa = PBXGroup;
			children = (
				1A09828C18F0B8E200C4652C /* libserval.a */,
			);
			name = Products;
			sourceTree = "<group>";
		};
		1A13A3B018F0C01500A6233B /* headers */ = {
			isa = PBXGroup;
			children = (
				1A13A3D918F0CB4300A6233B /* confdefs.h */,
				1A13A3B118F0C05D00A6233B /* cli.h */,
				1A13A3B218F0C05D00A6233B /* conf_schema.h */,
				1A13A3B318F0C05D00A6233B /* conf.h */,
				1A13A3B418F0C05D00A6233B /* constants.h */,
				1A13A3B518F0C05D00A6233B /* crypto.h */,
				1A13A3B618F0C05D00A6233B /* dataformats.h */,
				1A13A3B718F0C05D00A6233B /* fdqueue.h */,
				1A13A3B818F0C05D00A6233B /* fifo.h */,
				1A13A3B918F0C05D00A6233B /* golay.h */,
				1A13A3BA18F0C05D00A6233B /* http_server.h */,
				1A13A3BB18F0C05D00A6233B /* httpd.h */,
				1A13A3BC18F0C05D00A6233B /* instance.h */,
				1A13A3BD18F0C05D00A6233B /* keyring.h */,
				1A13A3BE18F0C05D00A6233B /* log.h */,
				1A13A3BF18F0C05D00A6233B /* mdp_client.h */,
				1A13A3C018F0C05D00A6233B /* mem.h */,
				1A13A3C118F0C05D00A6233B /* meshms.h */,
				1A13A3C218F0C05D00A6233B /* monitor-client.h */,
				1A13A3C318F0C05D00A6233B /* msp_client.h */,
				1A13A3C418F0C05D00A6233B /* net.h */,
				1A13A3C518F0C05D00A6233B /* os.h */,
				1A13A3C618F0C05D00A6233B /* overlay_address.h */,
				1A13A3C718F0C05D00A6233B /* overlay_buffer.h */,
				1A13A3C818F0C05D00A6233B /* overlay_interface.h */,
				1A13A3C918F0C05D00A6233B /* overlay_packet.h */,
				1A13A3CA18F0C05D00A6233B /* radio_link.h */,
				1A13A3CB18F0C05D00A6233B /* rhizome.h */,
				1A13A3CC18F0C05D00A6233B /* rotbuf.h */,
				1A13A3CD18F0C05D00A6233B /* serval.h */,
				1A13A3CE18F0C05D00A6233B /* sha2.h */,
				1A13A3CF18F0C05D00A6233B /* socket.h */,
				1A13A3D018F0C05D00A6233B /* str.h */,
				1A13A3D118F0C05D00A6233B /* strbuf_helpers.h */,
				1A13A3D218F0C05D00A6233B /* strbuf.h */,
				1A13A3D318F0C05D00A6233B /* strlcpy.h */,
				1A13A3D418F0C05D00A6233B /* uuid.h */,
				1A13A3D518F0C05D00A6233B /* xprintf.h */,
			);
			name = headers;
			sourceTree = "<group>";
		};
		1A5334B318F087B500C7BD93 = {
			isa = PBXGroup;
			children = (
				1A09828A18F0B81E00C4652C /* libserval */,
			);
			sourceTree = "<group>";
		};
/* End PBXGroup section */

/* Begin PBXLegacyTarget section */
		1A5334B818F087B500C7BD93 /* libserval */ = {
			isa = PBXLegacyTarget;
			buildArgumentsString = "$(ACTION)";
			buildConfigurationList = 1A5334BB18F087B500C7BD93 /* Build configuration list for PBXLegacyTarget "libserval" */;
			buildPhases = (
			);
			buildToolPath = "$(SRCROOT)/build.sh";
			buildWorkingDirectory = "";
			dependencies = (
			);
			name = libserval;
			passBuildSettingsInEnvironment = 0;
			productName = servald;
		};
/* End PBXLegacyTarget section */

/* Begin PBXProject section */
		1A5334B418F087B500C7BD93 /* Project object */ = {
			isa = PBXProject;
			attributes = {
				LastUpgradeCheck = 0510;
				ORGANIZATIONNAME = "The Serval Project";
			};
			buildConfigurationList = 1A5334B718F087B500C7BD93 /* Build configuration list for PBXProject "libserval" */;
			compatibilityVersion = "Xcode 3.2";
			developmentRegion = English;
			hasScannedForEncodings = 0;
			knownRegions = (
				en,
			);
			mainGroup = 1A5334B318F087B500C7BD93;
			projectDirPath = "";
			projectRoot = "";
			targets = (
				1A5334B818F087B500C7BD93 /* libserval */,
			);
		};
/* End PBXProject section */

/* Begin XCBuildConfiguration section */
		1A5334B918F087B500C7BD93 /* Debug */ = {
			isa = XCBuildConfiguration;
			buildSettings = {
			};
			name = Debug;
		};
		1A5334BA18F087B500C7BD93 /* Release */ = {
			isa = XCBuildConfiguration;
			buildSettings = {
			};
			name = Release;
		};
		1A5334BC18F087B500C7BD93 /* Debug */ = {
			isa = XCBuildConfiguration;
			buildSettings = {
			};
			name = Debug;
		};
		1A5334BD18F087B500C7BD93 /* Release */ = {
			isa = XCBuildConfiguration;
			buildSettings = {
			};
			name = Release;
		};
/* End XCBuildConfiguration section */

/* Begin XCConfigurationList section */
		1A5334B718F087B500C7BD93 /* Build configuration list for PBXProject "libserval" */ = {
			isa = XCConfigurationList;
			buildConfigurations = (
				1A5334B918F087B500C7BD93 /* Debug */,
				1A5334BA18F087B500C7BD93 /* Release */,
			);
			defaultConfigurationIsVisible = 0;
			defaultConfigurationName = Release;
		};
		1A5334BB18F087B500C7BD93 /* Build configuration list for PBXLegacyTarget "libserval" */ = {
			isa = XCConfigurationList;
			buildConfigurations = (
				1A5334BC18F087B500C7BD93 /* Debug */,
				1A5334BD18F087B500C7BD93 /* Release */,
			);
			defaultConfigurationIsVisible = 0;
			defaultConfigurationName = Release;
		};
/* End XCConfigurationList section */
	};
	rootObject = 1A5334B418F087B500C7BD93 /* Project object */;
}
