// !$*UTF8*$!
{
	archiveVersion = 1;
	classes = {
	};
	objectVersion = 46;
	objects = {

/* Begin PBXFileReference section */
		1A5334BE18F087CF00C7BD93 /* build.sh */ = {isa = PBXFileReference; fileEncoding = 4; lastKnownFileType = text.script.sh; path = build.sh; sourceTree = "<group>"; };
/* End PBXFileReference section */

/* Begin PBXGroup section */
		1A5334B318F087B500C7BD93 = {
			isa = PBXGroup;
			children = (
				1A5334BE18F087CF00C7BD93 /* build.sh */,
			);
			sourceTree = "<group>";
		};
/* End PBXGroup section */

/* Begin PBXLegacyTarget section */
		1A5334B818F087B500C7BD93 /* libserval */ = {
			isa = PBXLegacyTarget;
			buildArgumentsString = "$(ACTION)";
			buildConfigurationList = 1A5334BB18F087B500C7BD93 /* Build configuration list for PBXLegacyTarget "libserval" */;
			buildPhases = (
			);
			buildToolPath = "$(SRCROOT)/build.sh";
			buildWorkingDirectory = "";
			dependencies = (
			);
			name = libserval;
			passBuildSettingsInEnvironment = 0;
			productName = servald;
		};
/* End PBXLegacyTarget section */

/* Begin PBXProject section */
		1A5334B418F087B500C7BD93 /* Project object */ = {
			isa = PBXProject;
			attributes = {
				LastUpgradeCheck = 0510;
				ORGANIZATIONNAME = "The Serval Project";
			};
			buildConfigurationList = 1A5334B718F087B500C7BD93 /* Build configuration list for PBXProject "libserval" */;
			compatibilityVersion = "Xcode 3.2";
			developmentRegion = English;
			hasScannedForEncodings = 0;
			knownRegions = (
				en,
			);
			mainGroup = 1A5334B318F087B500C7BD93;
			projectDirPath = "";
			projectRoot = "";
			targets = (
				1A5334B818F087B500C7BD93 /* libserval */,
			);
		};
/* End PBXProject section */

/* Begin XCBuildConfiguration section */
		1A5334B918F087B500C7BD93 /* Debug */ = {
			isa = XCBuildConfiguration;
			buildSettings = {
			};
			name = Debug;
		};
		1A5334BA18F087B500C7BD93 /* Release */ = {
			isa = XCBuildConfiguration;
			buildSettings = {
			};
			name = Release;
		};
		1A5334BC18F087B500C7BD93 /* Debug */ = {
			isa = XCBuildConfiguration;
			buildSettings = {
			};
			name = Debug;
		};
		1A5334BD18F087B500C7BD93 /* Release */ = {
			isa = XCBuildConfiguration;
			buildSettings = {
			};
			name = Release;
		};
/* End XCBuildConfiguration section */

/* Begin XCConfigurationList section */
		1A5334B718F087B500C7BD93 /* Build configuration list for PBXProject "libserval" */ = {
			isa = XCConfigurationList;
			buildConfigurations = (
				1A5334B918F087B500C7BD93 /* Debug */,
				1A5334BA18F087B500C7BD93 /* Release */,
			);
			defaultConfigurationIsVisible = 0;
			defaultConfigurationName = Release;
		};
		1A5334BB18F087B500C7BD93 /* Build configuration list for PBXLegacyTarget "libserval" */ = {
			isa = XCConfigurationList;
			buildConfigurations = (
				1A5334BC18F087B500C7BD93 /* Debug */,
				1A5334BD18F087B500C7BD93 /* Release */,
			);
			defaultConfigurationIsVisible = 0;
			defaultConfigurationName = Release;
		};
/* End XCConfigurationList section */
	};
	rootObject = 1A5334B418F087B500C7BD93 /* Project object */;
}
